{
  "version": 4,
  "terraform_version": "1.0.7",
  "serial": 68,
  "lineage": "be1ec38f-812c-b5df-6fae-7a4f2954dd7d",
  "outputs": {},
  "resources": [
    {
      "mode": "managed",
      "type": "azurerm_app_service",
      "name": "Webapp",
      "provider": "provider[\"registry.terraform.io/hashicorp/azurerm\"]",
      "instances": [
        {
          "schema_version": 0,
          "attributes": {
            "app_service_plan_id": "/subscriptions/5fbb1ca4-28c2-4320-88bc-9b48efac7334/resourceGroups/rg_andrei_dzenisiuk/providers/Microsoft.Web/serverfarms/app_ser_pl_ADV",
            "app_settings": {
              "key": "value"
            },
            "auth_settings": [
              {
                "active_directory": [],
                "additional_login_params": {},
                "allowed_external_redirect_urls": [],
                "default_provider": "",
                "enabled": false,
                "facebook": [],
                "google": [],
                "issuer": "",
                "microsoft": [],
                "runtime_version": "",
                "token_refresh_extension_hours": 0,
                "token_store_enabled": false,
                "twitter": [],
                "unauthenticated_client_action": ""
              }
            ],
            "backup": [],
            "client_affinity_enabled": false,
            "client_cert_enabled": false,
            "connection_string": [
              {
                "name": "Database",
                "type": "SQLServer",
                "value": "Server = tcp:azurerm_sql_server.SQLserver.fully_qualified_domain_name Database = azurerm_sql_database.DBSQL.name; User ID=azurerm_sql_server.SQLserver.administrator_login;Password=azurerm_sql_server.SQLserver.administrator_login_password;Trusted_Connection=False;Encrypt=True;"
              }
            ],
            "custom_domain_verification_id": "AAE7825AD94216D15339E12DB2EC7FE9BADE6A10E866536B790D39C1C3EC2D04",
            "default_site_hostname": "webappadv.azurewebsites.net",
            "enabled": true,
            "https_only": false,
            "id": "/subscriptions/5fbb1ca4-28c2-4320-88bc-9b48efac7334/resourceGroups/rg_andrei_dzenisiuk/providers/Microsoft.Web/sites/webappADV",
            "identity": [],
            "location": "westeurope",
            "logs": [
              {
                "application_logs": [
                  {
                    "azure_blob_storage": [],
                    "file_system_level": "Off"
                  }
                ],
                "detailed_error_messages_enabled": false,
                "failed_request_tracing_enabled": false,
                "http_logs": [
                  {
                    "azure_blob_storage": [],
                    "file_system": []
                  }
                ]
              }
            ],
            "name": "webappADV",
            "outbound_ip_address_list": [
              "20.82.19.12",
              "20.82.19.81",
              "20.82.20.86",
              "20.82.20.178",
              "20.82.21.234",
              "20.82.21.254",
              "20.50.2.87"
            ],
            "outbound_ip_addresses": "20.82.19.12,20.82.19.81,20.82.20.86,20.82.20.178,20.82.21.234,20.82.21.254,20.50.2.87",
            "possible_outbound_ip_address_list": [
              "20.82.19.12",
              "20.82.19.81",
              "20.82.20.86",
              "20.82.20.178",
              "20.82.21.234",
              "20.82.21.254",
              "20.82.19.173",
              "20.82.22.29",
              "20.82.22.53",
              "20.82.22.100",
              "20.82.22.119",
              "20.82.22.141",
              "20.82.22.183",
              "20.82.22.243",
              "20.82.23.121",
              "20.82.23.195",
              "20.82.21.132",
              "20.82.23.231",
              "20.82.23.233",
              "20.101.216.117",
              "20.101.216.128",
              "20.82.23.124",
              "20.101.216.169",
              "20.101.216.171",
              "20.82.19.123",
              "20.101.216.181",
              "20.101.216.212",
              "20.101.216.230",
              "20.101.217.81",
              "20.101.217.96",
              "20.50.2.87"
            ],
            "possible_outbound_ip_addresses": "20.82.19.12,20.82.19.81,20.82.20.86,20.82.20.178,20.82.21.234,20.82.21.254,20.82.19.173,20.82.22.29,20.82.22.53,20.82.22.100,20.82.22.119,20.82.22.141,20.82.22.183,20.82.22.243,20.82.23.121,20.82.23.195,20.82.21.132,20.82.23.231,20.82.23.233,20.101.216.117,20.101.216.128,20.82.23.124,20.101.216.169,20.101.216.171,20.82.19.123,20.101.216.181,20.101.216.212,20.101.216.230,20.101.217.81,20.101.217.96,20.50.2.87",
            "resource_group_name": "rg_andrei_dzenisiuk",
            "site_config": [
              {
                "acr_use_managed_identity_credentials": false,
                "acr_user_managed_identity_client_id": "",
                "always_on": false,
                "app_command_line": "",
                "auto_swap_slot_name": "",
                "cors": [
                  {
                    "allowed_origins": [],
                    "support_credentials": false
                  }
                ],
                "default_documents": null,
                "dotnet_framework_version": "v4.0",
                "ftps_state": "AllAllowed",
                "health_check_path": "",
                "http2_enabled": false,
                "ip_restriction": [],
                "java_container": "",
                "java_container_version": "",
                "java_version": "",
                "linux_fx_version": "",
                "local_mysql_enabled": false,
                "managed_pipeline_mode": "Integrated",
                "min_tls_version": "1.2",
                "number_of_workers": 1,
                "php_version": "",
                "python_version": "",
                "remote_debugging_enabled": false,
                "remote_debugging_version": "VS2019",
                "scm_ip_restriction": [],
                "scm_type": "LocalGit",
                "scm_use_main_ip_restriction": false,
                "use_32_bit_worker_process": false,
                "vnet_route_all_enabled": false,
                "websockets_enabled": false,
                "windows_fx_version": ""
              }
            ],
            "site_credential": [
              {
                "password": "Zntr8eyN1w6tpm5vuhcGPDZl9FK10ggFNAfTQSEDmKEcWhl7PcBvmveqje1u",
                "username": "$webappADV"
              }
            ],
            "source_control": [
              {
                "branch": "master",
                "manual_integration": false,
                "repo_url": "https://webappadv.scm.azurewebsites.net",
                "rollback_enabled": false,
                "use_mercurial": false
              }
            ],
            "storage_account": [],
            "tags": null,
            "timeouts": null
          },
          "sensitive_attributes": [],
          "private": "eyJlMmJmYjczMC1lY2FhLTExZTYtOGY4OC0zNDM2M2JjN2M0YzAiOnsiY3JlYXRlIjoxODAwMDAwMDAwMDAwLCJkZWxldGUiOjE4MDAwMDAwMDAwMDAsInJlYWQiOjMwMDAwMDAwMDAwMCwidXBkYXRlIjoxODAwMDAwMDAwMDAwfX0=",
          "dependencies": [
            "azurerm_app_service_plan.ASPlan",
            "azurerm_resource_group.rg_test"
          ]
        }
      ]
    },
    {
      "mode": "managed",
      "type": "azurerm_app_service_plan",
      "name": "ASPlan",
      "provider": "provider[\"registry.terraform.io/hashicorp/azurerm\"]",
      "instances": [
        {
          "schema_version": 0,
          "attributes": {
            "app_service_environment_id": "",
            "id": "/subscriptions/5fbb1ca4-28c2-4320-88bc-9b48efac7334/resourceGroups/rg_andrei_dzenisiuk/providers/Microsoft.Web/serverfarms/app_ser_pl_ADV",
            "is_xenon": false,
            "kind": "Windows",
            "location": "westeurope",
            "maximum_elastic_worker_count": 1,
            "maximum_number_of_workers": 10,
            "name": "app_ser_pl_ADV",
            "per_site_scaling": false,
            "reserved": false,
            "resource_group_name": "rg_andrei_dzenisiuk",
            "sku": [
              {
                "capacity": 1,
                "size": "S1",
                "tier": "Standard"
              }
            ],
            "tags": null,
            "timeouts": null,
            "zone_redundant": false
          },
          "sensitive_attributes": [],
          "private": "eyJlMmJmYjczMC1lY2FhLTExZTYtOGY4OC0zNDM2M2JjN2M0YzAiOnsiY3JlYXRlIjozNjAwMDAwMDAwMDAwLCJkZWxldGUiOjM2MDAwMDAwMDAwMDAsInJlYWQiOjMwMDAwMDAwMDAwMCwidXBkYXRlIjozNjAwMDAwMDAwMDAwfX0=",
          "dependencies": [
            "azurerm_resource_group.rg_test"
          ]
        }
      ]
    },
    {
      "mode": "managed",
      "type": "azurerm_application_insights",
      "name": "APPins",
      "provider": "provider[\"registry.terraform.io/hashicorp/azurerm\"]",
      "instances": [
        {
          "schema_version": 0,
          "attributes": {
            "app_id": "46f682bf-2e87-438b-b0f0-81b0fdcd325f",
            "application_type": "web",
            "connection_string": "InstrumentationKey=ce6e8dc8-4688-4c1f-aa52-ff2a50dfe1fb;IngestionEndpoint=https://westeurope-2.in.applicationinsights.azure.com/",
            "daily_data_cap_in_gb": 100,
            "daily_data_cap_notifications_disabled": false,
            "disable_ip_masking": false,
            "id": "/subscriptions/5fbb1ca4-28c2-4320-88bc-9b48efac7334/resourceGroups/rg_andrei_dzenisiuk/providers/microsoft.insights/components/appinsadv",
            "instrumentation_key": "ce6e8dc8-4688-4c1f-aa52-ff2a50dfe1fb",
            "local_authentication_disabled": false,
            "location": "westeurope",
            "name": "appinsadv",
            "resource_group_name": "rg_andrei_dzenisiuk",
            "retention_in_days": 90,
            "sampling_percentage": 100,
            "tags": null,
            "timeouts": null,
            "workspace_id": null
          },
          "sensitive_attributes": [],
          "private": "eyJlMmJmYjczMC1lY2FhLTExZTYtOGY4OC0zNDM2M2JjN2M0YzAiOnsiY3JlYXRlIjoxODAwMDAwMDAwMDAwLCJkZWxldGUiOjE4MDAwMDAwMDAwMDAsInJlYWQiOjMwMDAwMDAwMDAwMCwidXBkYXRlIjoxODAwMDAwMDAwMDAwfX0=",
          "dependencies": [
            "azurerm_resource_group.rg_test"
          ]
        }
      ]
    },
    {
      "mode": "managed",
      "type": "azurerm_resource_group",
      "name": "rg_test",
      "provider": "provider[\"registry.terraform.io/hashicorp/azurerm\"]",
      "instances": [
        {
          "schema_version": 0,
          "attributes": {
            "id": "/subscriptions/5fbb1ca4-28c2-4320-88bc-9b48efac7334/resourceGroups/rg_andrei_dzenisiuk",
            "location": "westeurope",
            "name": "rg_andrei_dzenisiuk",
            "tags": null,
            "timeouts": null
          },
          "sensitive_attributes": [],
          "private": "eyJlMmJmYjczMC1lY2FhLTExZTYtOGY4OC0zNDM2M2JjN2M0YzAiOnsiY3JlYXRlIjo1NDAwMDAwMDAwMDAwLCJkZWxldGUiOjU0MDAwMDAwMDAwMDAsInJlYWQiOjMwMDAwMDAwMDAwMCwidXBkYXRlIjo1NDAwMDAwMDAwMDAwfX0="
        }
      ]
    },
    {
      "mode": "managed",
      "type": "azurerm_sql_database",
      "name": "DBSQL",
      "provider": "provider[\"registry.terraform.io/hashicorp/azurerm\"]",
      "instances": [
        {
          "schema_version": 0,
          "attributes": {
            "collation": "SQL_Latin1_General_CP1_CI_AS",
            "create_mode": "Default",
            "creation_date": "2021-11-18T05:56:16.843Z",
            "default_secondary_location": "North Europe",
            "edition": "GeneralPurpose",
            "elastic_pool_name": "",
            "encryption": "",
            "extended_auditing_policy": [
              {
                "log_monitoring_enabled": true,
                "retention_in_days": 6,
                "storage_account_access_key": "RtfdsG92ACva8wYA1uEgnmws/OwiAPZoREJWJ+Y+ZuQpA0wlpBTg7E3CichpZWJEUrWbQrMKYIU4/1AB52jCOg==",
                "storage_account_access_key_is_secondary": true,
                "storage_endpoint": "https://fylhtqsa.blob.core.windows.net/"
              }
            ],
            "id": "/subscriptions/5fbb1ca4-28c2-4320-88bc-9b48efac7334/resourceGroups/rg_andrei_dzenisiuk/providers/Microsoft.Sql/servers/sql-serv-adv/databases/DBSQLADV",
            "import": [],
            "location": "westeurope",
            "max_size_bytes": "34359738368",
            "max_size_gb": null,
            "name": "DBSQLADV",
            "read_scale": false,
            "requested_service_objective_id": "f21733ad-9b9b-4d4e-a4fa-94a133c41718",
            "requested_service_objective_name": "GP_Gen5_2",
            "resource_group_name": "rg_andrei_dzenisiuk",
            "restore_point_in_time": null,
            "server_name": "sql-serv-adv",
            "source_database_deletion_date": null,
            "source_database_id": null,
            "tags": null,
            "threat_detection_policy": [
              {
                "disabled_alerts": [],
                "email_account_admins": "Disabled",
                "email_addresses": [],
                "retention_days": 0,
                "state": "Disabled",
                "storage_account_access_key": "",
                "storage_endpoint": "",
                "use_server_default": "Disabled"
              }
            ],
            "timeouts": null,
            "zone_redundant": false
          },
          "sensitive_attributes": [
            [
              {
                "type": "get_attr",
                "value": "extended_auditing_policy"
              },
              {
                "type": "index",
                "value": {
                  "value": 0,
                  "type": "number"
                }
              },
              {
                "type": "get_attr",
                "value": "storage_account_access_key"
              }
            ]
          ],
          "private": "eyJlMmJmYjczMC1lY2FhLTExZTYtOGY4OC0zNDM2M2JjN2M0YzAiOnsiY3JlYXRlIjozNjAwMDAwMDAwMDAwLCJkZWxldGUiOjM2MDAwMDAwMDAwMDAsInJlYWQiOjMwMDAwMDAwMDAwMCwidXBkYXRlIjozNjAwMDAwMDAwMDAwfX0=",
          "dependencies": [
            "azurerm_resource_group.rg_test",
            "azurerm_sql_server.SQLserver",
            "azurerm_storage_account.SA"
          ]
        }
      ]
    },
    {
      "mode": "managed",
      "type": "azurerm_sql_server",
      "name": "SQLserver",
      "provider": "provider[\"registry.terraform.io/hashicorp/azurerm\"]",
      "instances": [
        {
          "schema_version": 0,
          "attributes": {
            "administrator_login": "andreidzenisiuk",
            "administrator_login_password": "Andrei-Dzenisiuk11081982",
            "connection_policy": "Default",
            "extended_auditing_policy": [],
            "fully_qualified_domain_name": "sql-serv-adv.database.windows.net",
            "id": "/subscriptions/5fbb1ca4-28c2-4320-88bc-9b48efac7334/resourceGroups/rg_andrei_dzenisiuk/providers/Microsoft.Sql/servers/sql-serv-adv",
            "identity": [],
            "location": "westeurope",
            "name": "sql-serv-adv",
            "resource_group_name": "rg_andrei_dzenisiuk",
            "tags": null,
            "threat_detection_policy": [
              {
                "disabled_alerts": [
                  ""
                ],
                "email_account_admins": false,
                "email_addresses": [
                  ""
                ],
                "retention_days": 0,
                "state": "Disabled",
                "storage_account_access_key": "",
                "storage_endpoint": ""
              }
            ],
            "timeouts": null,
            "version": "12.0"
          },
          "sensitive_attributes": [],
          "private": "eyJlMmJmYjczMC1lY2FhLTExZTYtOGY4OC0zNDM2M2JjN2M0YzAiOnsiY3JlYXRlIjozNjAwMDAwMDAwMDAwLCJkZWxldGUiOjM2MDAwMDAwMDAwMDAsInJlYWQiOjMwMDAwMDAwMDAwMCwidXBkYXRlIjozNjAwMDAwMDAwMDAwfX0=",
          "dependencies": [
            "azurerm_resource_group.rg_test"
          ]
        }
      ]
    },
    {
      "mode": "managed",
      "type": "azurerm_storage_account",
      "name": "SA",
      "provider": "provider[\"registry.terraform.io/hashicorp/azurerm\"]",
      "instances": [
        {
          "schema_version": 2,
          "attributes": {
            "access_tier": "Hot",
            "account_kind": "StorageV2",
            "account_replication_type": "LRS",
            "account_tier": "Standard",
            "allow_blob_public_access": false,
            "azure_files_authentication": [],
            "blob_properties": [
              {
                "change_feed_enabled": false,
                "container_delete_retention_policy": [],
                "cors_rule": [],
                "default_service_version": "",
                "delete_retention_policy": [],
                "last_access_time_enabled": false,
                "versioning_enabled": false
              }
            ],
            "custom_domain": [],
            "enable_https_traffic_only": true,
            "id": "/subscriptions/5fbb1ca4-28c2-4320-88bc-9b48efac7334/resourceGroups/rg_andrei_dzenisiuk/providers/Microsoft.Storage/storageAccounts/fylhtqsa",
            "identity": [],
            "is_hns_enabled": false,
            "large_file_share_enabled": null,
            "location": "westeurope",
            "min_tls_version": "TLS1_0",
            "name": "fylhtqsa",
            "network_rules": [
              {
                "bypass": [
                  "AzureServices"
                ],
                "default_action": "Allow",
                "ip_rules": [],
                "private_link_access": [],
                "virtual_network_subnet_ids": []
              }
            ],
            "nfsv3_enabled": false,
            "primary_access_key": "RtfdsG92ACva8wYA1uEgnmws/OwiAPZoREJWJ+Y+ZuQpA0wlpBTg7E3CichpZWJEUrWbQrMKYIU4/1AB52jCOg==",
            "primary_blob_connection_string": "DefaultEndpointsProtocol=https;BlobEndpoint=https://fylhtqsa.blob.core.windows.net/;AccountName=fylhtqsa;AccountKey=RtfdsG92ACva8wYA1uEgnmws/OwiAPZoREJWJ+Y+ZuQpA0wlpBTg7E3CichpZWJEUrWbQrMKYIU4/1AB52jCOg==",
            "primary_blob_endpoint": "https://fylhtqsa.blob.core.windows.net/",
            "primary_blob_host": "fylhtqsa.blob.core.windows.net",
            "primary_connection_string": "DefaultEndpointsProtocol=https;AccountName=fylhtqsa;AccountKey=RtfdsG92ACva8wYA1uEgnmws/OwiAPZoREJWJ+Y+ZuQpA0wlpBTg7E3CichpZWJEUrWbQrMKYIU4/1AB52jCOg==;EndpointSuffix=core.windows.net",
            "primary_dfs_endpoint": "https://fylhtqsa.dfs.core.windows.net/",
            "primary_dfs_host": "fylhtqsa.dfs.core.windows.net",
            "primary_file_endpoint": "https://fylhtqsa.file.core.windows.net/",
            "primary_file_host": "fylhtqsa.file.core.windows.net",
            "primary_location": "westeurope",
            "primary_queue_endpoint": "https://fylhtqsa.queue.core.windows.net/",
            "primary_queue_host": "fylhtqsa.queue.core.windows.net",
            "primary_table_endpoint": "https://fylhtqsa.table.core.windows.net/",
            "primary_table_host": "fylhtqsa.table.core.windows.net",
            "primary_web_endpoint": "https://fylhtqsa.z6.web.core.windows.net/",
            "primary_web_host": "fylhtqsa.z6.web.core.windows.net",
            "queue_properties": [
              {
                "cors_rule": [],
                "hour_metrics": [
                  {
                    "enabled": true,
                    "include_apis": true,
                    "retention_policy_days": 7,
                    "version": "1.0"
                  }
                ],
                "logging": [
                  {
                    "delete": false,
                    "read": false,
                    "retention_policy_days": 0,
                    "version": "1.0",
                    "write": false
                  }
                ],
                "minute_metrics": [
                  {
                    "enabled": false,
                    "include_apis": false,
                    "retention_policy_days": 0,
                    "version": "1.0"
                  }
                ]
              }
            ],
            "resource_group_name": "rg_andrei_dzenisiuk",
            "routing": [],
            "secondary_access_key": "UdhnDBKBA7sYe3jvvoTUq8XAKtMCy9uPwzpxogUa/wuSFCxsZRHUjlmACQmBN5SAZexO64G8Omws27PrjREsVw==",
            "secondary_blob_connection_string": "",
            "secondary_blob_endpoint": null,
            "secondary_blob_host": null,
            "secondary_connection_string": "DefaultEndpointsProtocol=https;AccountName=fylhtqsa;AccountKey=UdhnDBKBA7sYe3jvvoTUq8XAKtMCy9uPwzpxogUa/wuSFCxsZRHUjlmACQmBN5SAZexO64G8Omws27PrjREsVw==;EndpointSuffix=core.windows.net",
            "secondary_dfs_endpoint": null,
            "secondary_dfs_host": null,
            "secondary_file_endpoint": null,
            "secondary_file_host": null,
            "secondary_location": "",
            "secondary_queue_endpoint": null,
            "secondary_queue_host": null,
            "secondary_table_endpoint": null,
            "secondary_table_host": null,
            "secondary_web_endpoint": null,
            "secondary_web_host": null,
            "share_properties": [
              {
                "cors_rule": [],
                "retention_policy": [
                  {
                    "days": 7
                  }
                ],
                "smb": []
              }
            ],
            "shared_access_key_enabled": true,
            "static_website": [],
            "tags": null,
            "timeouts": null
          },
          "sensitive_attributes": [],
          "private": "eyJlMmJmYjczMC1lY2FhLTExZTYtOGY4OC0zNDM2M2JjN2M0YzAiOnsiY3JlYXRlIjozNjAwMDAwMDAwMDAwLCJkZWxldGUiOjM2MDAwMDAwMDAwMDAsInJlYWQiOjMwMDAwMDAwMDAwMCwidXBkYXRlIjozNjAwMDAwMDAwMDAwfSwic2NoZW1hX3ZlcnNpb24iOiIyIn0=",
          "dependencies": [
            "azurerm_resource_group.rg_test"
          ]
        }
      ]
    }
  ]
}
